// !$*UTF8*$!
{
	archiveVersion = 1;
	classes = {
	};
	objectVersion = 48;
	objects = {

/* Begin PBXBuildFile section */
		410753521FCB1EAF007312D4 /* FRHDMDSH2WETZLI.MEDIUM.jpg in Resources */ = {isa = PBXBuildFile; fileRef = 410753511FCB1EAE007312D4 /* FRHDMDSH2WETZLI.MEDIUM.jpg */; };
		412986E11FD459B90005353A /* quizRLC.png in Resources */ = {isa = PBXBuildFile; fileRef = 412986E01FD459B60005353A /* quizRLC.png */; };
		412986EB1FD46D450005353A /* QuidRLC2.png in Resources */ = {isa = PBXBuildFile; fileRef = 412986EA1FD46D420005353A /* QuidRLC2.png */; };
		412986ED1FD485820005353A /* CurrentWave1.png in Resources */ = {isa = PBXBuildFile; fileRef = 412986EC1FD4857F0005353A /* CurrentWave1.png */; };
		412986EF1FD485CF0005353A /* CurrentWave2.png in Resources */ = {isa = PBXBuildFile; fileRef = 412986EE1FD485C90005353A /* CurrentWave2.png */; };
		412986F11FD485EE0005353A /* CurrentWave3.png in Resources */ = {isa = PBXBuildFile; fileRef = 412986F01FD485EB0005353A /* CurrentWave3.png */; };
		412986F31FD4865B0005353A /* CurrentWave4.png in Resources */ = {isa = PBXBuildFile; fileRef = 412986F21FD486560005353A /* CurrentWave4.png */; };
		41A99BCF1FC56455003CA14D /* PowerViewController.m in Sources */ = {isa = PBXBuildFile; fileRef = 41A99BCE1FC56455003CA14D /* PowerViewController.m */; };
		41A99BD81FC56FF0003CA14D /* power.png in Resources */ = {isa = PBXBuildFile; fileRef = 41A99BD71FC56FEF003CA14D /* power.png */; };
		41B5F2E21FD75CCC002ED31E /* icons8-capacitor-32-2.png in Resources */ = {isa = PBXBuildFile; fileRef = 41B5F2E11FD75CCA002ED31E /* icons8-capacitor-32-2.png */; };
		41B5F2E41FD75D79002ED31E /* icons power.png in Resources */ = {isa = PBXBuildFile; fileRef = 41B5F2E31FD75D76002ED31E /* icons power.png */; };
		41B5F2E61FD75E12002ED31E /* icons quiz.png in Resources */ = {isa = PBXBuildFile; fileRef = 41B5F2E51FD75E11002ED31E /* icons quiz.png */; };
		41B5F2EA1FD766A1002ED31E /* icons8-Oscillator-30.png in Resources */ = {isa = PBXBuildFile; fileRef = 41B5F2E91FD7669E002ED31E /* icons8-Oscillator-30.png */; };
		41B7C8451FD5AE6B009EA481 /* QuestionStartViewController.m in Sources */ = {isa = PBXBuildFile; fileRef = 41B7C8441FD5AE6B009EA481 /* QuestionStartViewController.m */; };
		41C1185C1FCDE8EB007958BE /* Question1ViewController.m in Sources */ = {isa = PBXBuildFile; fileRef = 41C1185B1FCDE8EB007958BE /* Question1ViewController.m */; };
		41C118601FD0D743007958BE /* quiz-background-with-hand-holding-a-sign_23-2147593100.jpg in Resources */ = {isa = PBXBuildFile; fileRef = 41C1185F1FD0D741007958BE /* quiz-background-with-hand-holding-a-sign_23-2147593100.jpg */; };
		41C118661FD32341007958BE /* Correct.wav in Resources */ = {isa = PBXBuildFile; fileRef = 41C118651FD32340007958BE /* Correct.wav */; };
		41C1186F1FD33A4C007958BE /* 351566__bertrof__game-sound-correct-organic-violin.wav in Resources */ = {isa = PBXBuildFile; fileRef = 41C1186E1FD33A4B007958BE /* 351566__bertrof__game-sound-correct-organic-violin.wav */; };
		41C118731FD33C20007958BE /* Wrong Buzzer1.wav in Resources */ = {isa = PBXBuildFile; fileRef = 41C118721FD33C20007958BE /* Wrong Buzzer1.wav */; };
		41C118761FD33CD7007958BE /* Question2ViewController.m in Sources */ = {isa = PBXBuildFile; fileRef = 41C118751FD33CD7007958BE /* Question2ViewController.m */; };
		41C118791FD33CEF007958BE /* Question3ViewController.m in Sources */ = {isa = PBXBuildFile; fileRef = 41C118781FD33CEF007958BE /* Question3ViewController.m */; };
		41C1187C1FD33D05007958BE /* Question4ViewController.m in Sources */ = {isa = PBXBuildFile; fileRef = 41C1187B1FD33D05007958BE /* Question4ViewController.m */; };
		41C1187F1FD33D89007958BE /* QuestionEndViewController.m in Sources */ = {isa = PBXBuildFile; fileRef = 41C1187E1FD33D89007958BE /* QuestionEndViewController.m */; };
		41CED41C1FC2F68D0056C1C3 /* 1.jpg in Resources */ = {isa = PBXBuildFile; fileRef = 41CED41B1FC2F68C0056C1C3 /* 1.jpg */; };
		41CED45F1FC479E30056C1C3 /* 9.jpg in Resources */ = {isa = PBXBuildFile; fileRef = 41CED45E1FC479E30056C1C3 /* 9.jpg */; };
		41DB7A361FC0721A00DA8F1C /* 001uf-50v-ceramic-capacitors.jpeg in Resources */ = {isa = PBXBuildFile; fileRef = 41DB7A351FC0721A00DA8F1C /* 001uf-50v-ceramic-capacitors.jpeg */; };
		41FDCE601FBCA50E0013DFC4 /* AppDelegate.m in Sources */ = {isa = PBXBuildFile; fileRef = 41FDCE5F1FBCA50E0013DFC4 /* AppDelegate.m */; };
		41FDCE631FBCA50E0013DFC4 /* FirstViewController.m in Sources */ = {isa = PBXBuildFile; fileRef = 41FDCE621FBCA50E0013DFC4 /* FirstViewController.m */; };
		41FDCE661FBCA50E0013DFC4 /* SecondViewController.m in Sources */ = {isa = PBXBuildFile; fileRef = 41FDCE651FBCA50E0013DFC4 /* SecondViewController.m */; };
		41FDCE691FBCA50E0013DFC4 /* Main.storyboard in Resources */ = {isa = PBXBuildFile; fileRef = 41FDCE671FBCA50E0013DFC4 /* Main.storyboard */; };
		41FDCE6B1FBCA50E0013DFC4 /* Assets.xcassets in Resources */ = {isa = PBXBuildFile; fileRef = 41FDCE6A1FBCA50E0013DFC4 /* Assets.xcassets */; };
		41FDCE6E1FBCA50E0013DFC4 /* LaunchScreen.storyboard in Resources */ = {isa = PBXBuildFile; fileRef = 41FDCE6C1FBCA50E0013DFC4 /* LaunchScreen.storyboard */; };
		41FDCE711FBCA50E0013DFC4 /* main.m in Sources */ = {isa = PBXBuildFile; fileRef = 41FDCE701FBCA50E0013DFC4 /* main.m */; };
		41FDCE7B1FBCA50F0013DFC4 /* Electronic_Component_Value_CalculatorTests.m in Sources */ = {isa = PBXBuildFile; fileRef = 41FDCE7A1FBCA50F0013DFC4 /* Electronic_Component_Value_CalculatorTests.m */; };
		41FDCE861FBCA50F0013DFC4 /* Electronic_Component_Value_CalculatorUITests.m in Sources */ = {isa = PBXBuildFile; fileRef = 41FDCE851FBCA50F0013DFC4 /* Electronic_Component_Value_CalculatorUITests.m */; };
/* End PBXBuildFile section */

/* Begin PBXContainerItemProxy section */
		41FDCE771FBCA50E0013DFC4 /* PBXContainerItemProxy */ = {
			isa = PBXContainerItemProxy;
			containerPortal = 41FDCE531FBCA50E0013DFC4 /* Project object */;
			proxyType = 1;
			remoteGlobalIDString = 41FDCE5A1FBCA50E0013DFC4;
			remoteInfo = "Electronic Component Value Calculator";
		};
		41FDCE821FBCA50F0013DFC4 /* PBXContainerItemProxy */ = {
			isa = PBXContainerItemProxy;
			containerPortal = 41FDCE531FBCA50E0013DFC4 /* Project object */;
			proxyType = 1;
			remoteGlobalIDString = 41FDCE5A1FBCA50E0013DFC4;
			remoteInfo = "Electronic Component Value Calculator";
		};
/* End PBXContainerItemProxy section */

/* Begin PBXFileReference section */
		410753511FCB1EAE007312D4 /* FRHDMDSH2WETZLI.MEDIUM.jpg */ = {isa = PBXFileReference; lastKnownFileType = image.jpeg; path = FRHDMDSH2WETZLI.MEDIUM.jpg; sourceTree = "<group>"; };
		412986E01FD459B60005353A /* quizRLC.png */ = {isa = PBXFileReference; lastKnownFileType = image.png; path = quizRLC.png; sourceTree = "<group>"; };
		412986EA1FD46D420005353A /* QuidRLC2.png */ = {isa = PBXFileReference; lastKnownFileType = image.png; path = QuidRLC2.png; sourceTree = "<group>"; };
		412986EC1FD4857F0005353A /* CurrentWave1.png */ = {isa = PBXFileReference; lastKnownFileType = image.png; path = CurrentWave1.png; sourceTree = "<group>"; };
		412986EE1FD485C90005353A /* CurrentWave2.png */ = {isa = PBXFileReference; lastKnownFileType = image.png; path = CurrentWave2.png; sourceTree = "<group>"; };
		412986F01FD485EB0005353A /* CurrentWave3.png */ = {isa = PBXFileReference; lastKnownFileType = image.png; path = CurrentWave3.png; sourceTree = "<group>"; };
		412986F21FD486560005353A /* CurrentWave4.png */ = {isa = PBXFileReference; lastKnownFileType = image.png; path = CurrentWave4.png; sourceTree = "<group>"; };
		41339A781FD846AA00DD145B /* Wrong Buzzer.wav */ = {isa = PBXFileReference; lastKnownFileType = audio.wav; path = "Wrong Buzzer.wav"; sourceTree = "<group>"; };
		41A99BCD1FC56455003CA14D /* PowerViewController.h */ = {isa = PBXFileReference; lastKnownFileType = sourcecode.c.h; path = PowerViewController.h; sourceTree = "<group>"; };
		41A99BCE1FC56455003CA14D /* PowerViewController.m */ = {isa = PBXFileReference; lastKnownFileType = sourcecode.c.objc; path = PowerViewController.m; sourceTree = "<group>"; };
		41A99BD71FC56FEF003CA14D /* power.png */ = {isa = PBXFileReference; lastKnownFileType = image.png; path = power.png; sourceTree = "<group>"; };
		41B5F2E11FD75CCA002ED31E /* icons8-capacitor-32-2.png */ = {isa = PBXFileReference; lastKnownFileType = image.png; path = "icons8-capacitor-32-2.png"; sourceTree = "<group>"; };
		41B5F2E31FD75D76002ED31E /* icons power.png */ = {isa = PBXFileReference; lastKnownFileType = image.png; path = "icons power.png"; sourceTree = "<group>"; };
		41B5F2E51FD75E11002ED31E /* icons quiz.png */ = {isa = PBXFileReference; lastKnownFileType = image.png; path = "icons quiz.png"; sourceTree = "<group>"; };
		41B5F2E91FD7669E002ED31E /* icons8-Oscillator-30.png */ = {isa = PBXFileReference; lastKnownFileType = image.png; path = "icons8-Oscillator-30.png"; sourceTree = "<group>"; };
		41B7C8431FD5AE6B009EA481 /* QuestionStartViewController.h */ = {isa = PBXFileReference; lastKnownFileType = sourcecode.c.h; path = QuestionStartViewController.h; sourceTree = "<group>"; };
		41B7C8441FD5AE6B009EA481 /* QuestionStartViewController.m */ = {isa = PBXFileReference; lastKnownFileType = sourcecode.c.objc; path = QuestionStartViewController.m; sourceTree = "<group>"; };
		41C1185A1FCDE8EB007958BE /* Question1ViewController.h */ = {isa = PBXFileReference; lastKnownFileType = sourcecode.c.h; path = Question1ViewController.h; sourceTree = "<group>"; };
		41C1185B1FCDE8EB007958BE /* Question1ViewController.m */ = {isa = PBXFileReference; lastKnownFileType = sourcecode.c.objc; path = Question1ViewController.m; sourceTree = "<group>"; };
		41C1185F1FD0D741007958BE /* quiz-background-with-hand-holding-a-sign_23-2147593100.jpg */ = {isa = PBXFileReference; lastKnownFileType = image.jpeg; path = "quiz-background-with-hand-holding-a-sign_23-2147593100.jpg"; sourceTree = "<group>"; };
		41C118651FD32340007958BE /* Correct.wav */ = {isa = PBXFileReference; lastKnownFileType = audio.wav; path = Correct.wav; sourceTree = "<group>"; };
		41C118681FD3332E007958BE /* AVFoundation.framework */ = {isa = PBXFileReference; lastKnownFileType = wrapper.framework; name = AVFoundation.framework; path = System/Library/Frameworks/AVFoundation.framework; sourceTree = SDKROOT; };
		41C118691FD3336D007958BE /* AudioToolbox.framework */ = {isa = PBXFileReference; lastKnownFileType = wrapper.framework; name = AudioToolbox.framework; path = System/Library/Frameworks/AudioToolbox.framework; sourceTree = SDKROOT; };
		41C1186E1FD33A4B007958BE /* 351566__bertrof__game-sound-correct-organic-violin.wav */ = {isa = PBXFileReference; lastKnownFileType = audio.wav; path = "351566__bertrof__game-sound-correct-organic-violin.wav"; sourceTree = "<group>"; };
		41C118721FD33C20007958BE /* Wrong Buzzer1.wav */ = {isa = PBXFileReference; lastKnownFileType = audio.wav; path = "Wrong Buzzer1.wav"; sourceTree = "<group>"; };
		41C118741FD33CD7007958BE /* Question2ViewController.h */ = {isa = PBXFileReference; lastKnownFileType = sourcecode.c.h; path = Question2ViewController.h; sourceTree = "<group>"; };
		41C118751FD33CD7007958BE /* Question2ViewController.m */ = {isa = PBXFileReference; lastKnownFileType = sourcecode.c.objc; path = Question2ViewController.m; sourceTree = "<group>"; };
		41C118771FD33CEF007958BE /* Question3ViewController.h */ = {isa = PBXFileReference; lastKnownFileType = sourcecode.c.h; path = Question3ViewController.h; sourceTree = "<group>"; };
		41C118781FD33CEF007958BE /* Question3ViewController.m */ = {isa = PBXFileReference; lastKnownFileType = sourcecode.c.objc; path = Question3ViewController.m; sourceTree = "<group>"; };
		41C1187A1FD33D05007958BE /* Question4ViewController.h */ = {isa = PBXFileReference; lastKnownFileType = sourcecode.c.h; path = Question4ViewController.h; sourceTree = "<group>"; };
		41C1187B1FD33D05007958BE /* Question4ViewController.m */ = {isa = PBXFileReference; lastKnownFileType = sourcecode.c.objc; path = Question4ViewController.m; sourceTree = "<group>"; };
		41C1187D1FD33D89007958BE /* QuestionEndViewController.h */ = {isa = PBXFileReference; lastKnownFileType = sourcecode.c.h; path = QuestionEndViewController.h; sourceTree = "<group>"; };
		41C1187E1FD33D89007958BE /* QuestionEndViewController.m */ = {isa = PBXFileReference; lastKnownFileType = sourcecode.c.objc; path = QuestionEndViewController.m; sourceTree = "<group>"; };
		41CED41B1FC2F68C0056C1C3 /* 1.jpg */ = {isa = PBXFileReference; lastKnownFileType = image.jpeg; path = 1.jpg; sourceTree = "<group>"; };
		41CED45E1FC479E30056C1C3 /* 9.jpg */ = {isa = PBXFileReference; lastKnownFileType = image.jpeg; path = 9.jpg; sourceTree = "<group>"; };
		41DB7A351FC0721A00DA8F1C /* 001uf-50v-ceramic-capacitors.jpeg */ = {isa = PBXFileReference; lastKnownFileType = image.jpeg; path = "001uf-50v-ceramic-capacitors.jpeg"; sourceTree = "<group>"; };
		41FDCE5B1FBCA50E0013DFC4 /* Electronic Component Value Calculator.app */ = {isa = PBXFileReference; explicitFileType = wrapper.application; includeInIndex = 0; path = "Electronic Component Value Calculator.app"; sourceTree = BUILT_PRODUCTS_DIR; };
		41FDCE5E1FBCA50E0013DFC4 /* AppDelegate.h */ = {isa = PBXFileReference; lastKnownFileType = sourcecode.c.h; path = AppDelegate.h; sourceTree = "<group>"; };
		41FDCE5F1FBCA50E0013DFC4 /* AppDelegate.m */ = {isa = PBXFileReference; lastKnownFileType = sourcecode.c.objc; path = AppDelegate.m; sourceTree = "<group>"; };
		41FDCE611FBCA50E0013DFC4 /* FirstViewController.h */ = {isa = PBXFileReference; lastKnownFileType = sourcecode.c.h; path = FirstViewController.h; sourceTree = "<group>"; };
		41FDCE621FBCA50E0013DFC4 /* FirstViewController.m */ = {isa = PBXFileReference; lastKnownFileType = sourcecode.c.objc; path = FirstViewController.m; sourceTree = "<group>"; };
		41FDCE641FBCA50E0013DFC4 /* SecondViewController.h */ = {isa = PBXFileReference; lastKnownFileType = sourcecode.c.h; path = SecondViewController.h; sourceTree = "<group>"; };
		41FDCE651FBCA50E0013DFC4 /* SecondViewController.m */ = {isa = PBXFileReference; lastKnownFileType = sourcecode.c.objc; path = SecondViewController.m; sourceTree = "<group>"; };
		41FDCE681FBCA50E0013DFC4 /* Base */ = {isa = PBXFileReference; lastKnownFileType = file.storyboard; name = Base; path = Base.lproj/Main.storyboard; sourceTree = "<group>"; };
		41FDCE6A1FBCA50E0013DFC4 /* Assets.xcassets */ = {isa = PBXFileReference; lastKnownFileType = folder.assetcatalog; path = Assets.xcassets; sourceTree = "<group>"; };
		41FDCE6D1FBCA50E0013DFC4 /* Base */ = {isa = PBXFileReference; lastKnownFileType = file.storyboard; name = Base; path = Base.lproj/LaunchScreen.storyboard; sourceTree = "<group>"; };
		41FDCE6F1FBCA50E0013DFC4 /* Info.plist */ = {isa = PBXFileReference; lastKnownFileType = text.plist.xml; path = Info.plist; sourceTree = "<group>"; };
		41FDCE701FBCA50E0013DFC4 /* main.m */ = {isa = PBXFileReference; lastKnownFileType = sourcecode.c.objc; path = main.m; sourceTree = "<group>"; };
		41FDCE761FBCA50E0013DFC4 /* Electronic Component Value CalculatorTests.xctest */ = {isa = PBXFileReference; explicitFileType = wrapper.cfbundle; includeInIndex = 0; path = "Electronic Component Value CalculatorTests.xctest"; sourceTree = BUILT_PRODUCTS_DIR; };
		41FDCE7A1FBCA50F0013DFC4 /* Electronic_Component_Value_CalculatorTests.m */ = {isa = PBXFileReference; lastKnownFileType = sourcecode.c.objc; path = Electronic_Component_Value_CalculatorTests.m; sourceTree = "<group>"; };
		41FDCE7C1FBCA50F0013DFC4 /* Info.plist */ = {isa = PBXFileReference; lastKnownFileType = text.plist.xml; path = Info.plist; sourceTree = "<group>"; };
		41FDCE811FBCA50F0013DFC4 /* Electronic Component Value CalculatorUITests.xctest */ = {isa = PBXFileReference; explicitFileType = wrapper.cfbundle; includeInIndex = 0; path = "Electronic Component Value CalculatorUITests.xctest"; sourceTree = BUILT_PRODUCTS_DIR; };
		41FDCE851FBCA50F0013DFC4 /* Electronic_Component_Value_CalculatorUITests.m */ = {isa = PBXFileReference; lastKnownFileType = sourcecode.c.objc; path = Electronic_Component_Value_CalculatorUITests.m; sourceTree = "<group>"; };
		41FDCE871FBCA50F0013DFC4 /* Info.plist */ = {isa = PBXFileReference; lastKnownFileType = text.plist.xml; path = Info.plist; sourceTree = "<group>"; };
/* End PBXFileReference section */

/* Begin PBXFrameworksBuildPhase section */
		41FDCE581FBCA50E0013DFC4 /* Frameworks */ = {
			isa = PBXFrameworksBuildPhase;
			buildActionMask = 2147483647;
			files = (
			);
			runOnlyForDeploymentPostprocessing = 0;
		};
		41FDCE731FBCA50E0013DFC4 /* Frameworks */ = {
			isa = PBXFrameworksBuildPhase;
			buildActionMask = 2147483647;
			files = (
			);
			runOnlyForDeploymentPostprocessing = 0;
		};
		41FDCE7E1FBCA50F0013DFC4 /* Frameworks */ = {
			isa = PBXFrameworksBuildPhase;
			buildActionMask = 2147483647;
			files = (
			);
			runOnlyForDeploymentPostprocessing = 0;
		};
/* End PBXFrameworksBuildPhase section */

/* Begin PBXGroup section */
		41339A751FD8316900DD145B /* App Icons */ = {
			isa = PBXGroup;
			children = (
				41B5F2E11FD75CCA002ED31E /* icons8-capacitor-32-2.png */,
				41B5F2E31FD75D76002ED31E /* icons power.png */,
				41B5F2E51FD75E11002ED31E /* icons quiz.png */,
				41B5F2E91FD7669E002ED31E /* icons8-Oscillator-30.png */,
			);
			name = "App Icons";
			path = ..;
			sourceTree = "<group>";
		};
		41339A761FD8445400DD145B /* Background images */ = {
			isa = PBXGroup;
			children = (
				41CED41B1FC2F68C0056C1C3 /* 1.jpg */,
				41DB7A351FC0721A00DA8F1C /* 001uf-50v-ceramic-capacitors.jpeg */,
				410753511FCB1EAE007312D4 /* FRHDMDSH2WETZLI.MEDIUM.jpg */,
				41CED45E1FC479E30056C1C3 /* 9.jpg */,
				41A99BD71FC56FEF003CA14D /* power.png */,
			);
			path = "Background images";
			sourceTree = "<group>";
		};
		41339A771FD8469400DD145B /* App Buzzer */ = {
			isa = PBXGroup;
			children = (
				41C118721FD33C20007958BE /* Wrong Buzzer1.wav */,
				41C118651FD32340007958BE /* Correct.wav */,
				41C1186E1FD33A4B007958BE /* 351566__bertrof__game-sound-correct-organic-violin.wav */,
				41339A781FD846AA00DD145B /* Wrong Buzzer.wav */,
			);
			path = "App Buzzer";
			sourceTree = "<group>";
		};
		419F0D811FD951E200ED5F1D /* Quiz images */ = {
			isa = PBXGroup;
			children = (
				412986EA1FD46D420005353A /* QuidRLC2.png */,
				41C1185F1FD0D741007958BE /* quiz-background-with-hand-holding-a-sign_23-2147593100.jpg */,
				412986F01FD485EB0005353A /* CurrentWave3.png */,
				412986EE1FD485C90005353A /* CurrentWave2.png */,
				412986EC1FD4857F0005353A /* CurrentWave1.png */,
				412986F21FD486560005353A /* CurrentWave4.png */,
				412986E01FD459B60005353A /* quizRLC.png */,
			);
			path = "Quiz images";
			sourceTree = "<group>";
		};
		41C118671FD3332D007958BE /* Frameworks */ = {
			isa = PBXGroup;
			children = (
				41C118691FD3336D007958BE /* AudioToolbox.framework */,
				41C118681FD3332E007958BE /* AVFoundation.framework */,
			);
			name = Frameworks;
			sourceTree = "<group>";
		};
		41FDCE521FBCA50E0013DFC4 = {
			isa = PBXGroup;
			children = (
				41FDCE5D1FBCA50E0013DFC4 /* Electronic Component Value Calculator */,
				41FDCE791FBCA50F0013DFC4 /* Electronic Component Value CalculatorTests */,
				41FDCE841FBCA50F0013DFC4 /* Electronic Component Value CalculatorUITests */,
				41FDCE5C1FBCA50E0013DFC4 /* Products */,
				41C118671FD3332D007958BE /* Frameworks */,
			);
			sourceTree = "<group>";
		};
		41FDCE5C1FBCA50E0013DFC4 /* Products */ = {
			isa = PBXGroup;
			children = (
				41FDCE5B1FBCA50E0013DFC4 /* Electronic Component Value Calculator.app */,
				41FDCE761FBCA50E0013DFC4 /* Electronic Component Value CalculatorTests.xctest */,
				41FDCE811FBCA50F0013DFC4 /* Electronic Component Value CalculatorUITests.xctest */,
			);
			name = Products;
			sourceTree = "<group>";
		};
		41FDCE5D1FBCA50E0013DFC4 /* Electronic Component Value Calculator */ = {
			isa = PBXGroup;
			children = (
				41FDCE5E1FBCA50E0013DFC4 /* AppDelegate.h */,
				41FDCE5F1FBCA50E0013DFC4 /* AppDelegate.m */,
				41FDCE611FBCA50E0013DFC4 /* FirstViewController.h */,
				41FDCE621FBCA50E0013DFC4 /* FirstViewController.m */,
				41FDCE641FBCA50E0013DFC4 /* SecondViewController.h */,
				41FDCE651FBCA50E0013DFC4 /* SecondViewController.m */,
				41A99BCD1FC56455003CA14D /* PowerViewController.h */,
				41A99BCE1FC56455003CA14D /* PowerViewController.m */,
				41FDCE671FBCA50E0013DFC4 /* Main.storyboard */,
				41FDCE6C1FBCA50E0013DFC4 /* LaunchScreen.storyboard */,
				41C1185A1FCDE8EB007958BE /* Question1ViewController.h */,
				41C1185B1FCDE8EB007958BE /* Question1ViewController.m */,
				41C118741FD33CD7007958BE /* Question2ViewController.h */,
				41C118751FD33CD7007958BE /* Question2ViewController.m */,
				41C118771FD33CEF007958BE /* Question3ViewController.h */,
				41C118781FD33CEF007958BE /* Question3ViewController.m */,
				41C1187A1FD33D05007958BE /* Question4ViewController.h */,
				41C1187B1FD33D05007958BE /* Question4ViewController.m */,
				41B7C8431FD5AE6B009EA481 /* QuestionStartViewController.h */,
				41B7C8441FD5AE6B009EA481 /* QuestionStartViewController.m */,
				41C1187D1FD33D89007958BE /* QuestionEndViewController.h */,
				41C1187E1FD33D89007958BE /* QuestionEndViewController.m */,
				41FDCE6A1FBCA50E0013DFC4 /* Assets.xcassets */,
				419F0D811FD951E200ED5F1D /* Quiz images */,
				41339A751FD8316900DD145B /* App Icons */,
				41339A761FD8445400DD145B /* Background images */,
				41339A771FD8469400DD145B /* App Buzzer */,
				41FDCE6F1FBCA50E0013DFC4 /* Info.plist */,
				41FDCE701FBCA50E0013DFC4 /* main.m */,
			);
			path = "Electronic Component Value Calculator";
			sourceTree = "<group>";
		};
		41FDCE791FBCA50F0013DFC4 /* Electronic Component Value CalculatorTests */ = {
			isa = PBXGroup;
			children = (
				41FDCE7A1FBCA50F0013DFC4 /* Electronic_Component_Value_CalculatorTests.m */,
				41FDCE7C1FBCA50F0013DFC4 /* Info.plist */,
			);
			path = "Electronic Component Value CalculatorTests";
			sourceTree = "<group>";
		};
		41FDCE841FBCA50F0013DFC4 /* Electronic Component Value CalculatorUITests */ = {
			isa = PBXGroup;
			children = (
				41FDCE851FBCA50F0013DFC4 /* Electronic_Component_Value_CalculatorUITests.m */,
				41FDCE871FBCA50F0013DFC4 /* Info.plist */,
			);
			path = "Electronic Component Value CalculatorUITests";
			sourceTree = "<group>";
		};
/* End PBXGroup section */

/* Begin PBXNativeTarget section */
		41FDCE5A1FBCA50E0013DFC4 /* Electronic Component Value Calculator */ = {
			isa = PBXNativeTarget;
			buildConfigurationList = 41FDCE8A1FBCA50F0013DFC4 /* Build configuration list for PBXNativeTarget "Electronic Component Value Calculator" */;
			buildPhases = (
				41FDCE571FBCA50E0013DFC4 /* Sources */,
				41FDCE581FBCA50E0013DFC4 /* Frameworks */,
				41FDCE591FBCA50E0013DFC4 /* Resources */,
			);
			buildRules = (
			);
			dependencies = (
			);
			name = "Electronic Component Value Calculator";
			productName = "Electronic Component Value Calculator";
			productReference = 41FDCE5B1FBCA50E0013DFC4 /* Electronic Component Value Calculator.app */;
			productType = "com.apple.product-type.application";
		};
		41FDCE751FBCA50E0013DFC4 /* Electronic Component Value CalculatorTests */ = {
			isa = PBXNativeTarget;
			buildConfigurationList = 41FDCE8D1FBCA50F0013DFC4 /* Build configuration list for PBXNativeTarget "Electronic Component Value CalculatorTests" */;
			buildPhases = (
				41FDCE721FBCA50E0013DFC4 /* Sources */,
				41FDCE731FBCA50E0013DFC4 /* Frameworks */,
				41FDCE741FBCA50E0013DFC4 /* Resources */,
			);
			buildRules = (
			);
			dependencies = (
				41FDCE781FBCA50E0013DFC4 /* PBXTargetDependency */,
			);
			name = "Electronic Component Value CalculatorTests";
			productName = "Electronic Component Value CalculatorTests";
			productReference = 41FDCE761FBCA50E0013DFC4 /* Electronic Component Value CalculatorTests.xctest */;
			productType = "com.apple.product-type.bundle.unit-test";
		};
		41FDCE801FBCA50F0013DFC4 /* Electronic Component Value CalculatorUITests */ = {
			isa = PBXNativeTarget;
			buildConfigurationList = 41FDCE901FBCA50F0013DFC4 /* Build configuration list for PBXNativeTarget "Electronic Component Value CalculatorUITests" */;
			buildPhases = (
				41FDCE7D1FBCA50F0013DFC4 /* Sources */,
				41FDCE7E1FBCA50F0013DFC4 /* Frameworks */,
				41FDCE7F1FBCA50F0013DFC4 /* Resources */,
			);
			buildRules = (
			);
			dependencies = (
				41FDCE831FBCA50F0013DFC4 /* PBXTargetDependency */,
			);
			name = "Electronic Component Value CalculatorUITests";
			productName = "Electronic Component Value CalculatorUITests";
			productReference = 41FDCE811FBCA50F0013DFC4 /* Electronic Component Value CalculatorUITests.xctest */;
			productType = "com.apple.product-type.bundle.ui-testing";
		};
/* End PBXNativeTarget section */

/* Begin PBXProject section */
		41FDCE531FBCA50E0013DFC4 /* Project object */ = {
			isa = PBXProject;
			attributes = {
				LastUpgradeCheck = 0910;
				ORGANIZATIONNAME = leeds;
				TargetAttributes = {
					41FDCE5A1FBCA50E0013DFC4 = {
						CreatedOnToolsVersion = 9.1;
						ProvisioningStyle = Automatic;
					};
					41FDCE751FBCA50E0013DFC4 = {
						CreatedOnToolsVersion = 9.1;
						ProvisioningStyle = Automatic;
						TestTargetID = 41FDCE5A1FBCA50E0013DFC4;
					};
					41FDCE801FBCA50F0013DFC4 = {
						CreatedOnToolsVersion = 9.1;
						ProvisioningStyle = Automatic;
						TestTargetID = 41FDCE5A1FBCA50E0013DFC4;
					};
				};
			};
			buildConfigurationList = 41FDCE561FBCA50E0013DFC4 /* Build configuration list for PBXProject "Electronic Component Value Calculator" */;
			compatibilityVersion = "Xcode 8.0";
			developmentRegion = en;
			hasScannedForEncodings = 0;
			knownRegions = (
				en,
				Base,
			);
			mainGroup = 41FDCE521FBCA50E0013DFC4;
			productRefGroup = 41FDCE5C1FBCA50E0013DFC4 /* Products */;
			projectDirPath = "";
			projectRoot = "";
			targets = (
				41FDCE5A1FBCA50E0013DFC4 /* Electronic Component Value Calculator */,
				41FDCE751FBCA50E0013DFC4 /* Electronic Component Value CalculatorTests */,
				41FDCE801FBCA50F0013DFC4 /* Electronic Component Value CalculatorUITests */,
			);
		};
/* End PBXProject section */

/* Begin PBXResourcesBuildPhase section */
		41FDCE591FBCA50E0013DFC4 /* Resources */ = {
			isa = PBXResourcesBuildPhase;
			buildActionMask = 2147483647;
			files = (
				41DB7A361FC0721A00DA8F1C /* 001uf-50v-ceramic-capacitors.jpeg in Resources */,
				41FDCE6E1FBCA50E0013DFC4 /* LaunchScreen.storyboard in Resources */,
				412986F31FD4865B0005353A /* CurrentWave4.png in Resources */,
				41CED41C1FC2F68D0056C1C3 /* 1.jpg in Resources */,
				412986F11FD485EE0005353A /* CurrentWave3.png in Resources */,
				41CED45F1FC479E30056C1C3 /* 9.jpg in Resources */,
				412986EF1FD485CF0005353A /* CurrentWave2.png in Resources */,
				41B5F2E41FD75D79002ED31E /* icons power.png in Resources */,
				41B5F2EA1FD766A1002ED31E /* icons8-Oscillator-30.png in Resources */,
				41A99BD81FC56FF0003CA14D /* power.png in Resources */,
				41B5F2E21FD75CCC002ED31E /* icons8-capacitor-32-2.png in Resources */,
				412986E11FD459B90005353A /* quizRLC.png in Resources */,
				41B5F2E61FD75E12002ED31E /* icons quiz.png in Resources */,
				41C118601FD0D743007958BE /* quiz-background-with-hand-holding-a-sign_23-2147593100.jpg in Resources */,
				41C1186F1FD33A4C007958BE /* 351566__bertrof__game-sound-correct-organic-violin.wav in Resources */,
				412986ED1FD485820005353A /* CurrentWave1.png in Resources */,
				410753521FCB1EAF007312D4 /* FRHDMDSH2WETZLI.MEDIUM.jpg in Resources */,
				41C118661FD32341007958BE /* Correct.wav in Resources */,
				41FDCE6B1FBCA50E0013DFC4 /* Assets.xcassets in Resources */,
				41FDCE691FBCA50E0013DFC4 /* Main.storyboard in Resources */,
				412986EB1FD46D450005353A /* QuidRLC2.png in Resources */,
				41C118731FD33C20007958BE /* Wrong Buzzer1.wav in Resources */,
			);
			runOnlyForDeploymentPostprocessing = 0;
		};
		41FDCE741FBCA50E0013DFC4 /* Resources */ = {
			isa = PBXResourcesBuildPhase;
			buildActionMask = 2147483647;
			files = (
			);
			runOnlyForDeploymentPostprocessing = 0;
		};
		41FDCE7F1FBCA50F0013DFC4 /* Resources */ = {
			isa = PBXResourcesBuildPhase;
			buildActionMask = 2147483647;
			files = (
			);
			runOnlyForDeploymentPostprocessing = 0;
		};
/* End PBXResourcesBuildPhase section */

/* Begin PBXSourcesBuildPhase section */
		41FDCE571FBCA50E0013DFC4 /* Sources */ = {
			isa = PBXSourcesBuildPhase;
			buildActionMask = 2147483647;
			files = (
				41C1185C1FCDE8EB007958BE /* Question1ViewController.m in Sources */,
				41FDCE661FBCA50E0013DFC4 /* SecondViewController.m in Sources */,
				41FDCE601FBCA50E0013DFC4 /* AppDelegate.m in Sources */,
				41FDCE711FBCA50E0013DFC4 /* main.m in Sources */,
				41C1187C1FD33D05007958BE /* Question4ViewController.m in Sources */,
				41C118791FD33CEF007958BE /* Question3ViewController.m in Sources */,
				41C1187F1FD33D89007958BE /* QuestionEndViewController.m in Sources */,
				41C118761FD33CD7007958BE /* Question2ViewController.m in Sources */,
				41A99BCF1FC56455003CA14D /* PowerViewController.m in Sources */,
				41FDCE631FBCA50E0013DFC4 /* FirstViewController.m in Sources */,
				41B7C8451FD5AE6B009EA481 /* QuestionStartViewController.m in Sources */,
			);
			runOnlyForDeploymentPostprocessing = 0;
		};
		41FDCE721FBCA50E0013DFC4 /* Sources */ = {
			isa = PBXSourcesBuildPhase;
			buildActionMask = 2147483647;
			files = (
				41FDCE7B1FBCA50F0013DFC4 /* Electronic_Component_Value_CalculatorTests.m in Sources */,
			);
			runOnlyForDeploymentPostprocessing = 0;
		};
		41FDCE7D1FBCA50F0013DFC4 /* Sources */ = {
			isa = PBXSourcesBuildPhase;
			buildActionMask = 2147483647;
			files = (
				41FDCE861FBCA50F0013DFC4 /* Electronic_Component_Value_CalculatorUITests.m in Sources */,
			);
			runOnlyForDeploymentPostprocessing = 0;
		};
/* End PBXSourcesBuildPhase section */

/* Begin PBXTargetDependency section */
		41FDCE781FBCA50E0013DFC4 /* PBXTargetDependency */ = {
			isa = PBXTargetDependency;
			target = 41FDCE5A1FBCA50E0013DFC4 /* Electronic Component Value Calculator */;
			targetProxy = 41FDCE771FBCA50E0013DFC4 /* PBXContainerItemProxy */;
		};
		41FDCE831FBCA50F0013DFC4 /* PBXTargetDependency */ = {
			isa = PBXTargetDependency;
			target = 41FDCE5A1FBCA50E0013DFC4 /* Electronic Component Value Calculator */;
			targetProxy = 41FDCE821FBCA50F0013DFC4 /* PBXContainerItemProxy */;
		};
/* End PBXTargetDependency section */

/* Begin PBXVariantGroup section */
		41FDCE671FBCA50E0013DFC4 /* Main.storyboard */ = {
			isa = PBXVariantGroup;
			children = (
				41FDCE681FBCA50E0013DFC4 /* Base */,
			);
			name = Main.storyboard;
			sourceTree = "<group>";
		};
		41FDCE6C1FBCA50E0013DFC4 /* LaunchScreen.storyboard */ = {
			isa = PBXVariantGroup;
			children = (
				41FDCE6D1FBCA50E0013DFC4 /* Base */,
			);
			name = LaunchScreen.storyboard;
			sourceTree = "<group>";
		};
/* End PBXVariantGroup section */

/* Begin XCBuildConfiguration section */
		41FDCE881FBCA50F0013DFC4 /* Debug */ = {
			isa = XCBuildConfiguration;
			buildSettings = {
				ALWAYS_SEARCH_USER_PATHS = NO;
				CLANG_ANALYZER_NONNULL = YES;
				CLANG_ANALYZER_NUMBER_OBJECT_CONVERSION = YES_AGGRESSIVE;
				CLANG_CXX_LANGUAGE_STANDARD = "gnu++14";
				CLANG_CXX_LIBRARY = "libc++";
				CLANG_ENABLE_MODULES = YES;
				CLANG_ENABLE_OBJC_ARC = YES;
				CLANG_WARN_BLOCK_CAPTURE_AUTORELEASING = YES;
				CLANG_WARN_BOOL_CONVERSION = YES;
				CLANG_WARN_COMMA = YES;
				CLANG_WARN_CONSTANT_CONVERSION = YES;
				CLANG_WARN_DIRECT_OBJC_ISA_USAGE = YES_ERROR;
				CLANG_WARN_DOCUMENTATION_COMMENTS = YES;
				CLANG_WARN_EMPTY_BODY = YES;
				CLANG_WARN_ENUM_CONVERSION = YES;
				CLANG_WARN_INFINITE_RECURSION = YES;
				CLANG_WARN_INT_CONVERSION = YES;
				CLANG_WARN_NON_LITERAL_NULL_CONVERSION = YES;
				CLANG_WARN_OBJC_LITERAL_CONVERSION = YES;
				CLANG_WARN_OBJC_ROOT_CLASS = YES_ERROR;
				CLANG_WARN_RANGE_LOOP_ANALYSIS = YES;
				CLANG_WARN_STRICT_PROTOTYPES = YES;
				CLANG_WARN_SUSPICIOUS_MOVE = YES;
				CLANG_WARN_UNGUARDED_AVAILABILITY = YES_AGGRESSIVE;
				CLANG_WARN_UNREACHABLE_CODE = YES;
				CLANG_WARN__DUPLICATE_METHOD_MATCH = YES;
				CODE_SIGN_IDENTITY = "iPhone Developer";
				COPY_PHASE_STRIP = NO;
				DEBUG_INFORMATION_FORMAT = dwarf;
				ENABLE_STRICT_OBJC_MSGSEND = YES;
				ENABLE_TESTABILITY = YES;
				GCC_C_LANGUAGE_STANDARD = gnu11;
				GCC_DYNAMIC_NO_PIC = NO;
				GCC_NO_COMMON_BLOCKS = YES;
				GCC_OPTIMIZATION_LEVEL = 0;
				GCC_PREPROCESSOR_DEFINITIONS = (
					"DEBUG=1",
					"$(inherited)",
				);
				GCC_WARN_64_TO_32_BIT_CONVERSION = YES;
				GCC_WARN_ABOUT_RETURN_TYPE = YES_ERROR;
				GCC_WARN_UNDECLARED_SELECTOR = YES;
				GCC_WARN_UNINITIALIZED_AUTOS = YES_AGGRESSIVE;
				GCC_WARN_UNUSED_FUNCTION = YES;
				GCC_WARN_UNUSED_VARIABLE = YES;
				IPHONEOS_DEPLOYMENT_TARGET = 11.1;
				MTL_ENABLE_DEBUG_INFO = YES;
				ONLY_ACTIVE_ARCH = YES;
				SDKROOT = iphoneos;
			};
			name = Debug;
		};
		41FDCE891FBCA50F0013DFC4 /* Release */ = {
			isa = XCBuildConfiguration;
			buildSettings = {
				ALWAYS_SEARCH_USER_PATHS = NO;
				CLANG_ANALYZER_NONNULL = YES;
				CLANG_ANALYZER_NUMBER_OBJECT_CONVERSION = YES_AGGRESSIVE;
				CLANG_CXX_LANGUAGE_STANDARD = "gnu++14";
				CLANG_CXX_LIBRARY = "libc++";
				CLANG_ENABLE_MODULES = YES;
				CLANG_ENABLE_OBJC_ARC = YES;
				CLANG_WARN_BLOCK_CAPTURE_AUTORELEASING = YES;
				CLANG_WARN_BOOL_CONVERSION = YES;
				CLANG_WARN_COMMA = YES;
				CLANG_WARN_CONSTANT_CONVERSION = YES;
				CLANG_WARN_DIRECT_OBJC_ISA_USAGE = YES_ERROR;
				CLANG_WARN_DOCUMENTATION_COMMENTS = YES;
				CLANG_WARN_EMPTY_BODY = YES;
				CLANG_WARN_ENUM_CONVERSION = YES;
				CLANG_WARN_INFINITE_RECURSION = YES;
				CLANG_WARN_INT_CONVERSION = YES;
				CLANG_WARN_NON_LITERAL_NULL_CONVERSION = YES;
				CLANG_WARN_OBJC_LITERAL_CONVERSION = YES;
				CLANG_WARN_OBJC_ROOT_CLASS = YES_ERROR;
				CLANG_WARN_RANGE_LOOP_ANALYSIS = YES;
				CLANG_WARN_STRICT_PROTOTYPES = YES;
				CLANG_WARN_SUSPICIOUS_MOVE = YES;
				CLANG_WARN_UNGUARDED_AVAILABILITY = YES_AGGRESSIVE;
				CLANG_WARN_UNREACHABLE_CODE = YES;
				CLANG_WARN__DUPLICATE_METHOD_MATCH = YES;
				CODE_SIGN_IDENTITY = "iPhone Developer";
				COPY_PHASE_STRIP = NO;
				DEBUG_INFORMATION_FORMAT = "dwarf-with-dsym";
				ENABLE_NS_ASSERTIONS = NO;
				ENABLE_STRICT_OBJC_MSGSEND = YES;
				GCC_C_LANGUAGE_STANDARD = gnu11;
				GCC_NO_COMMON_BLOCKS = YES;
				GCC_WARN_64_TO_32_BIT_CONVERSION = YES;
				GCC_WARN_ABOUT_RETURN_TYPE = YES_ERROR;
				GCC_WARN_UNDECLARED_SELECTOR = YES;
				GCC_WARN_UNINITIALIZED_AUTOS = YES_AGGRESSIVE;
				GCC_WARN_UNUSED_FUNCTION = YES;
				GCC_WARN_UNUSED_VARIABLE = YES;
				IPHONEOS_DEPLOYMENT_TARGET = 11.1;
				MTL_ENABLE_DEBUG_INFO = NO;
				SDKROOT = iphoneos;
				VALIDATE_PRODUCT = YES;
			};
			name = Release;
		};
		41FDCE8B1FBCA50F0013DFC4 /* Debug */ = {
			isa = XCBuildConfiguration;
			buildSettings = {
				ASSETCATALOG_COMPILER_APPICON_NAME = AppIcon;
				CODE_SIGN_STYLE = Automatic;
				INFOPLIST_FILE = "Electronic Component Value Calculator/Info.plist";
				LD_RUNPATH_SEARCH_PATHS = "$(inherited) @executable_path/Frameworks";
				PRODUCT_BUNDLE_IDENTIFIER = "leeds-uni.Electronic-Component-Value-Calculator";
				PRODUCT_NAME = "$(TARGET_NAME)";
				TARGETED_DEVICE_FAMILY = "1,2";
			};
			name = Debug;
		};
		41FDCE8C1FBCA50F0013DFC4 /* Release */ = {
			isa = XCBuildConfiguration;
			buildSettings = {
				ASSETCATALOG_COMPILER_APPICON_NAME = AppIcon;
				CODE_SIGN_STYLE = Automatic;
				INFOPLIST_FILE = "Electronic Component Value Calculator/Info.plist";
				LD_RUNPATH_SEARCH_PATHS = "$(inherited) @executable_path/Frameworks";
				PRODUCT_BUNDLE_IDENTIFIER = "leeds-uni.Electronic-Component-Value-Calculator";
				PRODUCT_NAME = "$(TARGET_NAME)";
				TARGETED_DEVICE_FAMILY = "1,2";
			};
			name = Release;
		};
		41FDCE8E1FBCA50F0013DFC4 /* Debug */ = {
			isa = XCBuildConfiguration;
			buildSettings = {
				BUNDLE_LOADER = "$(TEST_HOST)";
				CODE_SIGN_STYLE = Automatic;
				INFOPLIST_FILE = "Electronic Component Value CalculatorTests/Info.plist";
				LD_RUNPATH_SEARCH_PATHS = "$(inherited) @executable_path/Frameworks @loader_path/Frameworks";
				PRODUCT_BUNDLE_IDENTIFIER = "leeds-uni.Electronic-Component-Value-CalculatorTests";
				PRODUCT_NAME = "$(TARGET_NAME)";
				TARGETED_DEVICE_FAMILY = "1,2";
				TEST_HOST = "$(BUILT_PRODUCTS_DIR)/Electronic Component Value Calculator.app/Electronic Component Value Calculator";
			};
			name = Debug;
		};
		41FDCE8F1FBCA50F0013DFC4 /* Release */ = {
			isa = XCBuildConfiguration;
			buildSettings = {
				BUNDLE_LOADER = "$(TEST_HOST)";
				CODE_SIGN_STYLE = Automatic;
				INFOPLIST_FILE = "Electronic Component Value CalculatorTests/Info.plist";
				LD_RUNPATH_SEARCH_PATHS = "$(inherited) @executable_path/Frameworks @loader_path/Frameworks";
				PRODUCT_BUNDLE_IDENTIFIER = "leeds-uni.Electronic-Component-Value-CalculatorTests";
				PRODUCT_NAME = "$(TARGET_NAME)";
				TARGETED_DEVICE_FAMILY = "1,2";
				TEST_HOST = "$(BUILT_PRODUCTS_DIR)/Electronic Component Value Calculator.app/Electronic Component Value Calculator";
			};
			name = Release;
		};
		41FDCE911FBCA50F0013DFC4 /* Debug */ = {
			isa = XCBuildConfiguration;
			buildSettings = {
				CODE_SIGN_STYLE = Automatic;
				INFOPLIST_FILE = "Electronic Component Value CalculatorUITests/Info.plist";
				LD_RUNPATH_SEARCH_PATHS = "$(inherited) @executable_path/Frameworks @loader_path/Frameworks";
				PRODUCT_BUNDLE_IDENTIFIER = "leeds-uni.Electronic-Component-Value-CalculatorUITests";
				PRODUCT_NAME = "$(TARGET_NAME)";
				TARGETED_DEVICE_FAMILY = "1,2";
				TEST_TARGET_NAME = "Electronic Component Value Calculator";
			};
			name = Debug;
		};
		41FDCE921FBCA50F0013DFC4 /* Release */ = {
			isa = XCBuildConfiguration;
			buildSettings = {
				CODE_SIGN_STYLE = Automatic;
				INFOPLIST_FILE = "Electronic Component Value CalculatorUITests/Info.plist";
				LD_RUNPATH_SEARCH_PATHS = "$(inherited) @executable_path/Frameworks @loader_path/Frameworks";
				PRODUCT_BUNDLE_IDENTIFIER = "leeds-uni.Electronic-Component-Value-CalculatorUITests";
				PRODUCT_NAME = "$(TARGET_NAME)";
				TARGETED_DEVICE_FAMILY = "1,2";
				TEST_TARGET_NAME = "Electronic Component Value Calculator";
			};
			name = Release;
		};
/* End XCBuildConfiguration section */

/* Begin XCConfigurationList section */
		41FDCE561FBCA50E0013DFC4 /* Build configuration list for PBXProject "Electronic Component Value Calculator" */ = {
			isa = XCConfigurationList;
			buildConfigurations = (
				41FDCE881FBCA50F0013DFC4 /* Debug */,
				41FDCE891FBCA50F0013DFC4 /* Release */,
			);
			defaultConfigurationIsVisible = 0;
			defaultConfigurationName = Release;
		};
		41FDCE8A1FBCA50F0013DFC4 /* Build configuration list for PBXNativeTarget "Electronic Component Value Calculator" */ = {
			isa = XCConfigurationList;
			buildConfigurations = (
				41FDCE8B1FBCA50F0013DFC4 /* Debug */,
				41FDCE8C1FBCA50F0013DFC4 /* Release */,
			);
			defaultConfigurationIsVisible = 0;
			defaultConfigurationName = Release;
		};
		41FDCE8D1FBCA50F0013DFC4 /* Build configuration list for PBXNativeTarget "Electronic Component Value CalculatorTests" */ = {
			isa = XCConfigurationList;
			buildConfigurations = (
				41FDCE8E1FBCA50F0013DFC4 /* Debug */,
				41FDCE8F1FBCA50F0013DFC4 /* Release */,
			);
			defaultConfigurationIsVisible = 0;
			defaultConfigurationName = Release;
		};
		41FDCE901FBCA50F0013DFC4 /* Build configuration list for PBXNativeTarget "Electronic Component Value CalculatorUITests" */ = {
			isa = XCConfigurationList;
			buildConfigurations = (
				41FDCE911FBCA50F0013DFC4 /* Debug */,
				41FDCE921FBCA50F0013DFC4 /* Release */,
			);
			defaultConfigurationIsVisible = 0;
			defaultConfigurationName = Release;
		};
/* End XCConfigurationList section */
	};
	rootObject = 41FDCE531FBCA50E0013DFC4 /* Project object */;
}
